// !$*UTF8*$!
{
	archiveVersion = 1;
	classes = {
	};
	objectVersion = 50;
	objects = {

/* Begin PBXBuildFile section */
		07C71BDC24077AD2002902E6 /* AppDelegate.swift in Sources */ = {isa = PBXBuildFile; fileRef = 07C71BDB24077AD2002902E6 /* AppDelegate.swift */; };
		07C71BDE24077AD2002902E6 /* SceneDelegate.swift in Sources */ = {isa = PBXBuildFile; fileRef = 07C71BDD24077AD2002902E6 /* SceneDelegate.swift */; };
		07C71BE024077AD2002902E6 /* ViewController.swift in Sources */ = {isa = PBXBuildFile; fileRef = 07C71BDF24077AD2002902E6 /* ViewController.swift */; };
		07C71BE324077AD2002902E6 /* Main.storyboard in Resources */ = {isa = PBXBuildFile; fileRef = 07C71BE124077AD2002902E6 /* Main.storyboard */; };
		07C71BE524077AD6002902E6 /* Assets.xcassets in Resources */ = {isa = PBXBuildFile; fileRef = 07C71BE424077AD6002902E6 /* Assets.xcassets */; };
		07C71BE824077AD6002902E6 /* LaunchScreen.storyboard in Resources */ = {isa = PBXBuildFile; fileRef = 07C71BE624077AD6002902E6 /* LaunchScreen.storyboard */; };
		07C71BF324077AD6002902E6 /* ParstagramTests.swift in Sources */ = {isa = PBXBuildFile; fileRef = 07C71BF224077AD6002902E6 /* ParstagramTests.swift */; };
		07C71BFE24077AD6002902E6 /* ParstagramUITests.swift in Sources */ = {isa = PBXBuildFile; fileRef = 07C71BFD24077AD6002902E6 /* ParstagramUITests.swift */; };
/* End PBXBuildFile section */

/* Begin PBXContainerItemProxy section */
		07C71BEF24077AD6002902E6 /* PBXContainerItemProxy */ = {
			isa = PBXContainerItemProxy;
			containerPortal = 07C71BD024077AD1002902E6 /* Project object */;
			proxyType = 1;
			remoteGlobalIDString = 07C71BD724077AD1002902E6;
			remoteInfo = Parstagram;
		};
		07C71BFA24077AD6002902E6 /* PBXContainerItemProxy */ = {
			isa = PBXContainerItemProxy;
			containerPortal = 07C71BD024077AD1002902E6 /* Project object */;
			proxyType = 1;
			remoteGlobalIDString = 07C71BD724077AD1002902E6;
			remoteInfo = Parstagram;
		};
/* End PBXContainerItemProxy section */

/* Begin PBXFileReference section */
		07C71BD824077AD1002902E6 /* Parstagram.app */ = {isa = PBXFileReference; explicitFileType = wrapper.application; includeInIndex = 0; path = Parstagram.app; sourceTree = BUILT_PRODUCTS_DIR; };
		07C71BDB24077AD2002902E6 /* AppDelegate.swift */ = {isa = PBXFileReference; lastKnownFileType = sourcecode.swift; path = AppDelegate.swift; sourceTree = "<group>"; };
		07C71BDD24077AD2002902E6 /* SceneDelegate.swift */ = {isa = PBXFileReference; lastKnownFileType = sourcecode.swift; path = SceneDelegate.swift; sourceTree = "<group>"; };
		07C71BDF24077AD2002902E6 /* ViewController.swift */ = {isa = PBXFileReference; lastKnownFileType = sourcecode.swift; path = ViewController.swift; sourceTree = "<group>"; };
		07C71BE224077AD2002902E6 /* Base */ = {isa = PBXFileReference; lastKnownFileType = file.storyboard; name = Base; path = Base.lproj/Main.storyboard; sourceTree = "<group>"; };
		07C71BE424077AD6002902E6 /* Assets.xcassets */ = {isa = PBXFileReference; lastKnownFileType = folder.assetcatalog; path = Assets.xcassets; sourceTree = "<group>"; };
		07C71BE724077AD6002902E6 /* Base */ = {isa = PBXFileReference; lastKnownFileType = file.storyboard; name = Base; path = Base.lproj/LaunchScreen.storyboard; sourceTree = "<group>"; };
		07C71BE924077AD6002902E6 /* Info.plist */ = {isa = PBXFileReference; lastKnownFileType = text.plist.xml; path = Info.plist; sourceTree = "<group>"; };
		07C71BEE24077AD6002902E6 /* ParstagramTests.xctest */ = {isa = PBXFileReference; explicitFileType = wrapper.cfbundle; includeInIndex = 0; path = ParstagramTests.xctest; sourceTree = BUILT_PRODUCTS_DIR; };
		07C71BF224077AD6002902E6 /* ParstagramTests.swift */ = {isa = PBXFileReference; lastKnownFileType = sourcecode.swift; path = ParstagramTests.swift; sourceTree = "<group>"; };
		07C71BF424077AD6002902E6 /* Info.plist */ = {isa = PBXFileReference; lastKnownFileType = text.plist.xml; path = Info.plist; sourceTree = "<group>"; };
		07C71BF924077AD6002902E6 /* ParstagramUITests.xctest */ = {isa = PBXFileReference; explicitFileType = wrapper.cfbundle; includeInIndex = 0; path = ParstagramUITests.xctest; sourceTree = BUILT_PRODUCTS_DIR; };
		07C71BFD24077AD6002902E6 /* ParstagramUITests.swift */ = {isa = PBXFileReference; lastKnownFileType = sourcecode.swift; path = ParstagramUITests.swift; sourceTree = "<group>"; };
		07C71BFF24077AD6002902E6 /* Info.plist */ = {isa = PBXFileReference; lastKnownFileType = text.plist.xml; path = Info.plist; sourceTree = "<group>"; };
/* End PBXFileReference section */

/* Begin PBXFrameworksBuildPhase section */
		07C71BD524077AD1002902E6 /* Frameworks */ = {
			isa = PBXFrameworksBuildPhase;
			buildActionMask = 2147483647;
			files = (
			);
			runOnlyForDeploymentPostprocessing = 0;
		};
		07C71BEB24077AD6002902E6 /* Frameworks */ = {
			isa = PBXFrameworksBuildPhase;
			buildActionMask = 2147483647;
			files = (
			);
			runOnlyForDeploymentPostprocessing = 0;
		};
		07C71BF624077AD6002902E6 /* Frameworks */ = {
			isa = PBXFrameworksBuildPhase;
			buildActionMask = 2147483647;
			files = (
			);
			runOnlyForDeploymentPostprocessing = 0;
		};
/* End PBXFrameworksBuildPhase section */

/* Begin PBXGroup section */
		07C71BCF24077AD1002902E6 = {
			isa = PBXGroup;
			children = (
				07C71BDA24077AD1002902E6 /* Parstagram */,
				07C71BF124077AD6002902E6 /* ParstagramTests */,
				07C71BFC24077AD6002902E6 /* ParstagramUITests */,
				07C71BD924077AD1002902E6 /* Products */,
			);
			sourceTree = "<group>";
		};
		07C71BD924077AD1002902E6 /* Products */ = {
			isa = PBXGroup;
			children = (
				07C71BD824077AD1002902E6 /* Parstagram.app */,
				07C71BEE24077AD6002902E6 /* ParstagramTests.xctest */,
				07C71BF924077AD6002902E6 /* ParstagramUITests.xctest */,
			);
			name = Products;
			sourceTree = "<group>";
		};
		07C71BDA24077AD1002902E6 /* Parstagram */ = {
			isa = PBXGroup;
			children = (
				07C71BDB24077AD2002902E6 /* AppDelegate.swift */,
				07C71BDD24077AD2002902E6 /* SceneDelegate.swift */,
				07C71BDF24077AD2002902E6 /* ViewController.swift */,
				07C71BE124077AD2002902E6 /* Main.storyboard */,
				07C71BE424077AD6002902E6 /* Assets.xcassets */,
				07C71BE624077AD6002902E6 /* LaunchScreen.storyboard */,
				07C71BE924077AD6002902E6 /* Info.plist */,
			);
			path = Parstagram;
			sourceTree = "<group>";
		};
		07C71BF124077AD6002902E6 /* ParstagramTests */ = {
			isa = PBXGroup;
			children = (
				07C71BF224077AD6002902E6 /* ParstagramTests.swift */,
				07C71BF424077AD6002902E6 /* Info.plist */,
			);
			path = ParstagramTests;
			sourceTree = "<group>";
		};
		07C71BFC24077AD6002902E6 /* ParstagramUITests */ = {
			isa = PBXGroup;
			children = (
				07C71BFD24077AD6002902E6 /* ParstagramUITests.swift */,
				07C71BFF24077AD6002902E6 /* Info.plist */,
			);
			path = ParstagramUITests;
			sourceTree = "<group>";
		};
/* End PBXGroup section */

/* Begin PBXNativeTarget section */
		07C71BD724077AD1002902E6 /* Parstagram */ = {
			isa = PBXNativeTarget;
			buildConfigurationList = 07C71C0224077AD6002902E6 /* Build configuration list for PBXNativeTarget "Parstagram" */;
			buildPhases = (
				07C71BD424077AD1002902E6 /* Sources */,
				07C71BD524077AD1002902E6 /* Frameworks */,
				07C71BD624077AD1002902E6 /* Resources */,
			);
			buildRules = (
			);
			dependencies = (
			);
			name = Parstagram;
			productName = Parstagram;
			productReference = 07C71BD824077AD1002902E6 /* Parstagram.app */;
			productType = "com.apple.product-type.application";
		};
		07C71BED24077AD6002902E6 /* ParstagramTests */ = {
			isa = PBXNativeTarget;
			buildConfigurationList = 07C71C0524077AD6002902E6 /* Build configuration list for PBXNativeTarget "ParstagramTests" */;
			buildPhases = (
				07C71BEA24077AD6002902E6 /* Sources */,
				07C71BEB24077AD6002902E6 /* Frameworks */,
				07C71BEC24077AD6002902E6 /* Resources */,
			);
			buildRules = (
			);
			dependencies = (
				07C71BF024077AD6002902E6 /* PBXTargetDependency */,
			);
			name = ParstagramTests;
			productName = ParstagramTests;
			productReference = 07C71BEE24077AD6002902E6 /* ParstagramTests.xctest */;
			productType = "com.apple.product-type.bundle.unit-test";
		};
		07C71BF824077AD6002902E6 /* ParstagramUITests */ = {
			isa = PBXNativeTarget;
			buildConfigurationList = 07C71C0824077AD6002902E6 /* Build configuration list for PBXNativeTarget "ParstagramUITests" */;
			buildPhases = (
				07C71BF524077AD6002902E6 /* Sources */,
				07C71BF624077AD6002902E6 /* Frameworks */,
				07C71BF724077AD6002902E6 /* Resources */,
			);
			buildRules = (
			);
			dependencies = (
				07C71BFB24077AD6002902E6 /* PBXTargetDependency */,
			);
			name = ParstagramUITests;
			productName = ParstagramUITests;
			productReference = 07C71BF924077AD6002902E6 /* ParstagramUITests.xctest */;
			productType = "com.apple.product-type.bundle.ui-testing";
		};
/* End PBXNativeTarget section */

/* Begin PBXProject section */
		07C71BD024077AD1002902E6 /* Project object */ = {
			isa = PBXProject;
			attributes = {
				LastSwiftUpdateCheck = 1130;
				LastUpgradeCheck = 1130;
				ORGANIZATIONNAME = "Eric Cai";
				TargetAttributes = {
					07C71BD724077AD1002902E6 = {
						CreatedOnToolsVersion = 11.3.1;
					};
					07C71BED24077AD6002902E6 = {
						CreatedOnToolsVersion = 11.3.1;
						TestTargetID = 07C71BD724077AD1002902E6;
					};
					07C71BF824077AD6002902E6 = {
						CreatedOnToolsVersion = 11.3.1;
						TestTargetID = 07C71BD724077AD1002902E6;
					};
				};
			};
			buildConfigurationList = 07C71BD324077AD1002902E6 /* Build configuration list for PBXProject "Parstagram" */;
			compatibilityVersion = "Xcode 9.3";
			developmentRegion = en;
			hasScannedForEncodings = 0;
			knownRegions = (
				en,
				Base,
			);
			mainGroup = 07C71BCF24077AD1002902E6;
			productRefGroup = 07C71BD924077AD1002902E6 /* Products */;
			projectDirPath = "";
			projectRoot = "";
			targets = (
				07C71BD724077AD1002902E6 /* Parstagram */,
				07C71BED24077AD6002902E6 /* ParstagramTests */,
				07C71BF824077AD6002902E6 /* ParstagramUITests */,
			);
		};
/* End PBXProject section */

/* Begin PBXResourcesBuildPhase section */
		07C71BD624077AD1002902E6 /* Resources */ = {
			isa = PBXResourcesBuildPhase;
			buildActionMask = 2147483647;
			files = (
				07C71BE824077AD6002902E6 /* LaunchScreen.storyboard in Resources */,
				07C71BE524077AD6002902E6 /* Assets.xcassets in Resources */,
				07C71BE324077AD2002902E6 /* Main.storyboard in Resources */,
			);
			runOnlyForDeploymentPostprocessing = 0;
		};
		07C71BEC24077AD6002902E6 /* Resources */ = {
			isa = PBXResourcesBuildPhase;
			buildActionMask = 2147483647;
			files = (
			);
			runOnlyForDeploymentPostprocessing = 0;
		};
		07C71BF724077AD6002902E6 /* Resources */ = {
			isa = PBXResourcesBuildPhase;
			buildActionMask = 2147483647;
			files = (
			);
			runOnlyForDeploymentPostprocessing = 0;
		};
/* End PBXResourcesBuildPhase section */

/* Begin PBXSourcesBuildPhase section */
		07C71BD424077AD1002902E6 /* Sources */ = {
			isa = PBXSourcesBuildPhase;
			buildActionMask = 2147483647;
			files = (
				07C71BE024077AD2002902E6 /* ViewController.swift in Sources */,
				07C71BDC24077AD2002902E6 /* AppDelegate.swift in Sources */,
				07C71BDE24077AD2002902E6 /* SceneDelegate.swift in Sources */,
			);
			runOnlyForDeploymentPostprocessing = 0;
		};
		07C71BEA24077AD6002902E6 /* Sources */ = {
			isa = PBXSourcesBuildPhase;
			buildActionMask = 2147483647;
			files = (
				07C71BF324077AD6002902E6 /* ParstagramTests.swift in Sources */,
			);
			runOnlyForDeploymentPostprocessing = 0;
		};
		07C71BF524077AD6002902E6 /* Sources */ = {
			isa = PBXSourcesBuildPhase;
			buildActionMask = 2147483647;
			files = (
				07C71BFE24077AD6002902E6 /* ParstagramUITests.swift in Sources */,
			);
			runOnlyForDeploymentPostprocessing = 0;
		};
/* End PBXSourcesBuildPhase section */

/* Begin PBXTargetDependency section */
		07C71BF024077AD6002902E6 /* PBXTargetDependency */ = {
			isa = PBXTargetDependency;
			target = 07C71BD724077AD1002902E6 /* Parstagram */;
			targetProxy = 07C71BEF24077AD6002902E6 /* PBXContainerItemProxy */;
		};
		07C71BFB24077AD6002902E6 /* PBXTargetDependency */ = {
			isa = PBXTargetDependency;
			target = 07C71BD724077AD1002902E6 /* Parstagram */;
			targetProxy = 07C71BFA24077AD6002902E6 /* PBXContainerItemProxy */;
		};
/* End PBXTargetDependency section */

/* Begin PBXVariantGroup section */
		07C71BE124077AD2002902E6 /* Main.storyboard */ = {
			isa = PBXVariantGroup;
			children = (
				07C71BE224077AD2002902E6 /* Base */,
			);
			name = Main.storyboard;
			sourceTree = "<group>";
		};
		07C71BE624077AD6002902E6 /* LaunchScreen.storyboard */ = {
			isa = PBXVariantGroup;
			children = (
				07C71BE724077AD6002902E6 /* Base */,
			);
			name = LaunchScreen.storyboard;
			sourceTree = "<group>";
		};
/* End PBXVariantGroup section */

/* Begin XCBuildConfiguration section */
		07C71C0024077AD6002902E6 /* Debug */ = {
			isa = XCBuildConfiguration;
			buildSettings = {
				ALWAYS_SEARCH_USER_PATHS = NO;
				CLANG_ANALYZER_NONNULL = YES;
				CLANG_ANALYZER_NUMBER_OBJECT_CONVERSION = YES_AGGRESSIVE;
				CLANG_CXX_LANGUAGE_STANDARD = "gnu++14";
				CLANG_CXX_LIBRARY = "libc++";
				CLANG_ENABLE_MODULES = YES;
				CLANG_ENABLE_OBJC_ARC = YES;
				CLANG_ENABLE_OBJC_WEAK = YES;
				CLANG_WARN_BLOCK_CAPTURE_AUTORELEASING = YES;
				CLANG_WARN_BOOL_CONVERSION = YES;
				CLANG_WARN_COMMA = YES;
				CLANG_WARN_CONSTANT_CONVERSION = YES;
				CLANG_WARN_DEPRECATED_OBJC_IMPLEMENTATIONS = YES;
				CLANG_WARN_DIRECT_OBJC_ISA_USAGE = YES_ERROR;
				CLANG_WARN_DOCUMENTATION_COMMENTS = YES;
				CLANG_WARN_EMPTY_BODY = YES;
				CLANG_WARN_ENUM_CONVERSION = YES;
				CLANG_WARN_INFINITE_RECURSION = YES;
				CLANG_WARN_INT_CONVERSION = YES;
				CLANG_WARN_NON_LITERAL_NULL_CONVERSION = YES;
				CLANG_WARN_OBJC_IMPLICIT_RETAIN_SELF = YES;
				CLANG_WARN_OBJC_LITERAL_CONVERSION = YES;
				CLANG_WARN_OBJC_ROOT_CLASS = YES_ERROR;
				CLANG_WARN_RANGE_LOOP_ANALYSIS = YES;
				CLANG_WARN_STRICT_PROTOTYPES = YES;
				CLANG_WARN_SUSPICIOUS_MOVE = YES;
				CLANG_WARN_UNGUARDED_AVAILABILITY = YES_AGGRESSIVE;
				CLANG_WARN_UNREACHABLE_CODE = YES;
				CLANG_WARN__DUPLICATE_METHOD_MATCH = YES;
				COPY_PHASE_STRIP = NO;
				DEBUG_INFORMATION_FORMAT = dwarf;
				ENABLE_STRICT_OBJC_MSGSEND = YES;
				ENABLE_TESTABILITY = YES;
				GCC_C_LANGUAGE_STANDARD = gnu11;
				GCC_DYNAMIC_NO_PIC = NO;
				GCC_NO_COMMON_BLOCKS = YES;
				GCC_OPTIMIZATION_LEVEL = 0;
				GCC_PREPROCESSOR_DEFINITIONS = (
					"DEBUG=1",
					"$(inherited)",
				);
				GCC_WARN_64_TO_32_BIT_CONVERSION = YES;
				GCC_WARN_ABOUT_RETURN_TYPE = YES_ERROR;
				GCC_WARN_UNDECLARED_SELECTOR = YES;
				GCC_WARN_UNINITIALIZED_AUTOS = YES_AGGRESSIVE;
				GCC_WARN_UNUSED_FUNCTION = YES;
				GCC_WARN_UNUSED_VARIABLE = YES;
				IPHONEOS_DEPLOYMENT_TARGET = 13.2;
				MTL_ENABLE_DEBUG_INFO = INCLUDE_SOURCE;
				MTL_FAST_MATH = YES;
				ONLY_ACTIVE_ARCH = YES;
				SDKROOT = iphoneos;
				SWIFT_ACTIVE_COMPILATION_CONDITIONS = DEBUG;
				SWIFT_OPTIMIZATION_LEVEL = "-Onone";
			};
			name = Debug;
		};
		07C71C0124077AD6002902E6 /* Release */ = {
			isa = XCBuildConfiguration;
			buildSettings = {
				ALWAYS_SEARCH_USER_PATHS = NO;
				CLANG_ANALYZER_NONNULL = YES;
				CLANG_ANALYZER_NUMBER_OBJECT_CONVERSION = YES_AGGRESSIVE;
				CLANG_CXX_LANGUAGE_STANDARD = "gnu++14";
				CLANG_CXX_LIBRARY = "libc++";
				CLANG_ENABLE_MODULES = YES;
				CLANG_ENABLE_OBJC_ARC = YES;
				CLANG_ENABLE_OBJC_WEAK = YES;
				CLANG_WARN_BLOCK_CAPTURE_AUTORELEASING = YES;
				CLANG_WARN_BOOL_CONVERSION = YES;
				CLANG_WARN_COMMA = YES;
				CLANG_WARN_CONSTANT_CONVERSION = YES;
				CLANG_WARN_DEPRECATED_OBJC_IMPLEMENTATIONS = YES;
				CLANG_WARN_DIRECT_OBJC_ISA_USAGE = YES_ERROR;
				CLANG_WARN_DOCUMENTATION_COMMENTS = YES;
				CLANG_WARN_EMPTY_BODY = YES;
				CLANG_WARN_ENUM_CONVERSION = YES;
				CLANG_WARN_INFINITE_RECURSION = YES;
				CLANG_WARN_INT_CONVERSION = YES;
				CLANG_WARN_NON_LITERAL_NULL_CONVERSION = YES;
				CLANG_WARN_OBJC_IMPLICIT_RETAIN_SELF = YES;
				CLANG_WARN_OBJC_LITERAL_CONVERSION = YES;
				CLANG_WARN_OBJC_ROOT_CLASS = YES_ERROR;
				CLANG_WARN_RANGE_LOOP_ANALYSIS = YES;
				CLANG_WARN_STRICT_PROTOTYPES = YES;
				CLANG_WARN_SUSPICIOUS_MOVE = YES;
				CLANG_WARN_UNGUARDED_AVAILABILITY = YES_AGGRESSIVE;
				CLANG_WARN_UNREACHABLE_CODE = YES;
				CLANG_WARN__DUPLICATE_METHOD_MATCH = YES;
				COPY_PHASE_STRIP = NO;
				DEBUG_INFORMATION_FORMAT = "dwarf-with-dsym";
				ENABLE_NS_ASSERTIONS = NO;
				ENABLE_STRICT_OBJC_MSGSEND = YES;
				GCC_C_LANGUAGE_STANDARD = gnu11;
				GCC_NO_COMMON_BLOCKS = YES;
				GCC_WARN_64_TO_32_BIT_CONVERSION = YES;
				GCC_WARN_ABOUT_RETURN_TYPE = YES_ERROR;
				GCC_WARN_UNDECLARED_SELECTOR = YES;
				GCC_WARN_UNINITIALIZED_AUTOS = YES_AGGRESSIVE;
				GCC_WARN_UNUSED_FUNCTION = YES;
				GCC_WARN_UNUSED_VARIABLE = YES;
				IPHONEOS_DEPLOYMENT_TARGET = 13.2;
				MTL_ENABLE_DEBUG_INFO = NO;
				MTL_FAST_MATH = YES;
				SDKROOT = iphoneos;
				SWIFT_COMPILATION_MODE = wholemodule;
				SWIFT_OPTIMIZATION_LEVEL = "-O";
				VALIDATE_PRODUCT = YES;
			};
			name = Release;
		};
		07C71C0324077AD6002902E6 /* Debug */ = {
			isa = XCBuildConfiguration;
			buildSettings = {
				ASSETCATALOG_COMPILER_APPICON_NAME = AppIcon;
				CODE_SIGN_STYLE = Automatic;
				INFOPLIST_FILE = Parstagram/Info.plist;
				LD_RUNPATH_SEARCH_PATHS = (
					"$(inherited)",
					"@executable_path/Frameworks",
				);
				PRODUCT_BUNDLE_IDENTIFIER = "E-Cai.Parstagram";
				PRODUCT_NAME = "$(TARGET_NAME)";
				SWIFT_VERSION = 5.0;
				TARGETED_DEVICE_FAMILY = "1,2";
			};
			name = Debug;
		};
		07C71C0424077AD6002902E6 /* Release */ = {
			isa = XCBuildConfiguration;
			buildSettings = {
				ASSETCATALOG_COMPILER_APPICON_NAME = AppIcon;
				CODE_SIGN_STYLE = Automatic;
				INFOPLIST_FILE = Parstagram/Info.plist;
				LD_RUNPATH_SEARCH_PATHS = (
					"$(inherited)",
					"@executable_path/Frameworks",
				);
				PRODUCT_BUNDLE_IDENTIFIER = "E-Cai.Parstagram";
				PRODUCT_NAME = "$(TARGET_NAME)";
				SWIFT_VERSION = 5.0;
				TARGETED_DEVICE_FAMILY = "1,2";
			};
			name = Release;
		};
		07C71C0624077AD6002902E6 /* Debug */ = {
			isa = XCBuildConfiguration;
			buildSettings = {
				ALWAYS_EMBED_SWIFT_STANDARD_LIBRARIES = YES;
				BUNDLE_LOADER = "$(TEST_HOST)";
				CODE_SIGN_STYLE = Automatic;
				INFOPLIST_FILE = ParstagramTests/Info.plist;
				IPHONEOS_DEPLOYMENT_TARGET = 13.2;
				LD_RUNPATH_SEARCH_PATHS = (
					"$(inherited)",
					"@executable_path/Frameworks",
					"@loader_path/Frameworks",
				);
				PRODUCT_BUNDLE_IDENTIFIER = "E-Cai.ParstagramTests";
				PRODUCT_NAME = "$(TARGET_NAME)";
				SWIFT_VERSION = 5.0;
				TARGETED_DEVICE_FAMILY = "1,2";
				TEST_HOST = "$(BUILT_PRODUCTS_DIR)/Parstagram.app/Parstagram";
			};
			name = Debug;
		};
		07C71C0724077AD6002902E6 /* Release */ = {
			isa = XCBuildConfiguration;
			buildSettings = {
				ALWAYS_EMBED_SWIFT_STANDARD_LIBRARIES = YES;
				BUNDLE_LOADER = "$(TEST_HOST)";
				CODE_SIGN_STYLE = Automatic;
				INFOPLIST_FILE = ParstagramTests/Info.plist;
				IPHONEOS_DEPLOYMENT_TARGET = 13.2;
				LD_RUNPATH_SEARCH_PATHS = (
					"$(inherited)",
					"@executable_path/Frameworks",
					"@loader_path/Frameworks",
				);
				PRODUCT_BUNDLE_IDENTIFIER = "E-Cai.ParstagramTests";
				PRODUCT_NAME = "$(TARGET_NAME)";
				SWIFT_VERSION = 5.0;
				TARGETED_DEVICE_FAMILY = "1,2";
				TEST_HOST = "$(BUILT_PRODUCTS_DIR)/Parstagram.app/Parstagram";
			};
			name = Release;
		};
		07C71C0924077AD6002902E6 /* Debug */ = {
			isa = XCBuildConfiguration;
			buildSettings = {
				ALWAYS_EMBED_SWIFT_STANDARD_LIBRARIES = YES;
				CODE_SIGN_STYLE = Automatic;
				INFOPLIST_FILE = ParstagramUITests/Info.plist;
				LD_RUNPATH_SEARCH_PATHS = (
					"$(inherited)",
					"@executable_path/Frameworks",
					"@loader_path/Frameworks",
				);
				PRODUCT_BUNDLE_IDENTIFIER = "E-Cai.ParstagramUITests";
				PRODUCT_NAME = "$(TARGET_NAME)";
				SWIFT_VERSION = 5.0;
				TARGETED_DEVICE_FAMILY = "1,2";
				TEST_TARGET_NAME = Parstagram;
			};
			name = Debug;
		};
		07C71C0A24077AD6002902E6 /* Release */ = {
			isa = XCBuildConfiguration;
			buildSettings = {
				ALWAYS_EMBED_SWIFT_STANDARD_LIBRARIES = YES;
				CODE_SIGN_STYLE = Automatic;
				INFOPLIST_FILE = ParstagramUITests/Info.plist;
				LD_RUNPATH_SEARCH_PATHS = (
					"$(inherited)",
					"@executable_path/Frameworks",
					"@loader_path/Frameworks",
				);
				PRODUCT_BUNDLE_IDENTIFIER = "E-Cai.ParstagramUITests";
				PRODUCT_NAME = "$(TARGET_NAME)";
				SWIFT_VERSION = 5.0;
				TARGETED_DEVICE_FAMILY = "1,2";
				TEST_TARGET_NAME = Parstagram;
			};
			name = Release;
		};
/* End XCBuildConfiguration section */

/* Begin XCConfigurationList section */
		07C71BD324077AD1002902E6 /* Build configuration list for PBXProject "Parstagram" */ = {
			isa = XCConfigurationList;
			buildConfigurations = (
				07C71C0024077AD6002902E6 /* Debug */,
				07C71C0124077AD6002902E6 /* Release */,
			);
			defaultConfigurationIsVisible = 0;
			defaultConfigurationName = Release;
		};
		07C71C0224077AD6002902E6 /* Build configuration list for PBXNativeTarget "Parstagram" */ = {
			isa = XCConfigurationList;
			buildConfigurations = (
				07C71C0324077AD6002902E6 /* Debug */,
				07C71C0424077AD6002902E6 /* Release */,
			);
			defaultConfigurationIsVisible = 0;
			defaultConfigurationName = Release;
		};
		07C71C0524077AD6002902E6 /* Build configuration list for PBXNativeTarget "ParstagramTests" */ = {
			isa = XCConfigurationList;
			buildConfigurations = (
				07C71C0624077AD6002902E6 /* Debug */,
				07C71C0724077AD6002902E6 /* Release */,
			);
			defaultConfigurationIsVisible = 0;
			defaultConfigurationName = Release;
		};
		07C71C0824077AD6002902E6 /* Build configuration list for PBXNativeTarget "ParstagramUITests" */ = {
			isa = XCConfigurationList;
			buildConfigurations = (
				07C71C0924077AD6002902E6 /* Debug */,
				07C71C0A24077AD6002902E6 /* Release */,
			);
			defaultConfigurationIsVisible = 0;
			defaultConfigurationName = Release;
		};
/* End XCConfigurationList section */
	};
	rootObject = 07C71BD024077AD1002902E6 /* Project object */;
}
